lockfileVersion: 5.4

specifiers:
    axios: 0.27.2
    husky: 8.0.1
    lint-staged: 12.4.1
    lodash-es: ^4.17.21
    prettier: ^2.6.2
    store2: ^2.13.2
    vue: ^2.6.14
    vue-i18n: 8.27.0
    vue-meta: ^2.4.0
    vue-router: ^3.5.3
    vuex: ^3.6.2
    yidash: ^1.0.12

dependencies:
    axios: 0.27.2
    lodash-es: 4.17.21
    store2: 2.13.2
    vue: 2.6.14
    vue-i18n: 8.27.0_vue@2.6.14
    vue-meta: 2.4.0
    vue-router: 3.5.3_vue@2.6.14
    vuex: 3.6.2_vue@2.6.14
    yidash: 1.0.12

devDependencies:
    husky: 8.0.1
    lint-staged: 12.4.1
    prettier: 2.6.2

packages:
    /@babel/runtime-corejs3/7.17.9:
        resolution: { integrity: sha512-WxYHHUWF2uZ7Hp1K+D1xQgbgkGUfA+5UPOegEXGt2Y5SMog/rYCVaifLZDbw8UkNXozEqqrZTy6bglL7xTaCOw== }
        engines: { node: '>=6.9.0' }
        dependencies:
            core-js-pure: 3.22.5
            regenerator-runtime: 0.13.9
        dev: false

    /@babel/runtime/7.17.9:
        resolution: { integrity: sha512-lSiBBvodq29uShpWGNbgFdKYNiFDo5/HIYsaCEY9ff4sb10x9jizo2+pRrSyF4jKZCXqgzuqBOQKbUm90gQwJg== }
        engines: { node: '>=6.9.0' }
        dependencies:
            regenerator-runtime: 0.13.9
        dev: false

    /aggregate-error/3.1.0:
        resolution: { integrity: sha512-4I7Td01quW/RpocfNayFdFVk1qSuoh0E7JrbRJ16nH01HhKFQ88INq9Sd+nd72zqRySlr9BmDA8xlEJ6vJMrYA== }
        engines: { node: '>=8' }
        dependencies:
            clean-stack: 2.2.0
            indent-string: 4.0.0
        dev: true

    /ansi-escapes/4.3.2:
        resolution: { integrity: sha512-gKXj5ALrKWQLsYG9jlTRmR/xKluxHV+Z9QEwNIgCfM1/uwPMCuzVVnh5mwTd+OuBZcwSIMbqssNWRm1lE51QaQ== }
        engines: { node: '>=8' }
        dependencies:
            type-fest: 0.21.3
        dev: true

    /ansi-regex/5.0.1:
        resolution: { integrity: sha512-quJQXlTSUGL2LH9SUXo8VwsY4soanhgo6LNSm84E1LBcE8s3O0wpdiRzyR9z/ZZJMlMWv37qOOb9pdJlMUEKFQ== }
        engines: { node: '>=8' }
        dev: true

    /ansi-regex/6.0.1:
        resolution: { integrity: sha512-n5M855fKb2SsfMIiFFoVrABHJC8QtHwVx+mHWP3QcEqBHYienj5dHSgjbxtC0WEZXYt4wcD6zrQElDPhFuZgfA== }
        engines: { node: '>=12' }
        dev: true

    /ansi-styles/4.3.0:
        resolution: { integrity: sha512-zbB9rCJAT1rbjiVDb2hqKFHNYLxgtk8NURxZ3IZwD3F6NtxbXZQCnnSi1Lkx+IDohdPlFp222wVALIheZJQSEg== }
        engines: { node: '>=8' }
        dependencies:
            color-convert: 2.0.1
        dev: true

    /ansi-styles/6.1.0:
        resolution: { integrity: sha512-VbqNsoz55SYGczauuup0MFUyXNQviSpFTj1RQtFzmQLk18qbVSpTFFGMT293rmDaQuKCT6InmbuEyUne4mTuxQ== }
        engines: { node: '>=12' }
        dev: true

    /astral-regex/2.0.0:
        resolution: { integrity: sha512-Z7tMw1ytTXt5jqMcOP+OQteU1VuNK9Y02uuJtKQ1Sv69jXQKKg5cibLwGJow8yzZP+eAc18EmLGPal0bp36rvQ== }
        engines: { node: '>=8' }
        dev: true

    /asynckit/0.4.0:
        resolution: { integrity: sha512-Oei9OH4tRh0YqU3GxhX79dM/mwVgvbZJaSNaRk+bshkj0S5cfHcgYakreBjrHwatXKbz+IoIdYLxrKim2MjW0Q== }
        dev: false

    /axios/0.27.2:
        resolution: { integrity: sha512-t+yRIyySRTp/wua5xEr+z1q60QmLq8ABsS5O9Me1AsE5dfKqgnCFzwiCZZ/cGNd1lq4/7akDWMxdhVlucjmnOQ== }
        dependencies:
            follow-redirects: 1.15.0
            form-data: 4.0.0
        transitivePeerDependencies:
            - debug
        dev: false

    /braces/3.0.2:
        resolution: { integrity: sha512-b8um+L1RzM3WDSzvhm6gIz1yfTbBt6YTlcEKAvsmqCZZFw46z626lVj9j1yEPW33H5H+lBQpZMP1k8l+78Ha0A== }
        engines: { node: '>=8' }
        dependencies:
            fill-range: 7.0.1
        dev: true

    /clean-stack/2.2.0:
        resolution: { integrity: sha512-4diC9HaTE+KRAMWhDhrGOECgWZxoevMc5TlkObMqNSsVU62PYzXZ/SMTjzyGAFF1YusgxGcSWTEXBhp0CPwQ1A== }
        engines: { node: '>=6' }
        dev: true

    /cli-cursor/3.1.0:
        resolution: { integrity: sha512-I/zHAwsKf9FqGoXM4WWRACob9+SNukZTd94DWF57E4toouRulbCxcUh6RKUEOQlYTHJnzkPMySvPNaaSLNfLZw== }
        engines: { node: '>=8' }
        dependencies:
            restore-cursor: 3.1.0
        dev: true

    /cli-truncate/2.1.0:
        resolution: { integrity: sha512-n8fOixwDD6b/ObinzTrp1ZKFzbgvKZvuz/TvejnLn1aQfC6r52XEx85FmuC+3HI+JM7coBRXUvNqEU2PHVrHpg== }
        engines: { node: '>=8' }
        dependencies:
            slice-ansi: 3.0.0
            string-width: 4.2.3
        dev: true

    /cli-truncate/3.1.0:
        resolution: { integrity: sha512-wfOBkjXteqSnI59oPcJkcPl/ZmwvMMOj340qUIY1SKZCv0B9Cf4D4fAucRkIKQmsIuYK3x1rrgU7MeGRruiuiA== }
        engines: { node: ^12.20.0 || ^14.13.1 || >=16.0.0 }
        dependencies:
            slice-ansi: 5.0.0
            string-width: 5.1.2
        dev: true

    /color-convert/2.0.1:
        resolution: { integrity: sha512-RRECPsj7iu/xb5oKYcsFHSppFNnsj/52OVTRKb4zP5onXwVF3zVmmToNcOfGC+CRDpfK/U584fMg38ZHCaElKQ== }
        engines: { node: '>=7.0.0' }
        dependencies:
            color-name: 1.1.4
        dev: true

    /color-name/1.1.4:
        resolution: { integrity: sha512-dOy+3AuW3a2wNbZHIuMZpTcgjGuLU/uBL/ubcZF9OXbDo8ff4O8yVp5Bf0efS8uEoYo5q4Fx7dY9OgQGXgAsQA== }
        dev: true

    /colorette/2.0.16:
        resolution: { integrity: sha512-hUewv7oMjCp+wkBv5Rm0v87eJhq4woh5rSR+42YSQJKecCqgIqNkZ6lAlQms/BwHPJA5NKMRlpxPRv0n8HQW6g== }
        dev: true

    /combined-stream/1.0.8:
        resolution: { integrity: sha512-FQN4MRfuJeHf7cBbBMJFXhKSDq+2kAArBlmRBvcvFE5BB1HZKXtSFASDhdlz9zOYwxh8lDdnvmMOe/+5cdoEdg== }
        engines: { node: '>= 0.8' }
        dependencies:
            delayed-stream: 1.0.0
        dev: false

    /commander/8.3.0:
        resolution: { integrity: sha512-OkTL9umf+He2DZkUq8f8J9of7yL6RJKI24dVITBmNfZBmri9zYZQrKkuXiKhyfPSu8tUhnVBB1iKXevvnlR4Ww== }
        engines: { node: '>= 12' }
        dev: true

    /core-js-pure/3.22.5:
        resolution: { integrity: sha512-8xo9R00iYD7TcV7OrC98GwxiUEAabVWO3dix+uyWjnYrx9fyASLlIX+f/3p5dW5qByaP2bcZ8X/T47s55et/tA== }
        requiresBuild: true
        dev: false

    /core-js/3.22.5:
        resolution: { integrity: sha512-VP/xYuvJ0MJWRAobcmQ8F2H6Bsn+s7zqAAjFaHGBMc5AQm7zaelhD1LGduFn2EehEcQcU+br6t+fwbpQ5d1ZWA== }
        requiresBuild: true
        dev: false

    /cross-spawn/7.0.3:
        resolution: { integrity: sha512-iRDPJKUPVEND7dHPO8rkbOnPpyDygcDFtWjpeWNCgy8WP2rXcxXL8TskReQl6OrB2G7+UJrags1q15Fudc7G6w== }
        engines: { node: '>= 8' }
        dependencies:
            path-key: 3.1.1
            shebang-command: 2.0.0
            which: 2.0.2
        dev: true

    /debug/4.3.4_supports-color@9.2.2:
        resolution: { integrity: sha512-PRWFHuSU3eDtQJPvnNY7Jcket1j0t5OuOsFzPPzsekD52Zl8qUfFIPEiswXqIvHWGVHOgX+7G/vCNNhehwxfkQ== }
        engines: { node: '>=6.0' }
        peerDependencies:
            supports-color: '*'
        peerDependenciesMeta:
            supports-color:
                optional: true
        dependencies:
            ms: 2.1.2
            supports-color: 9.2.2
        dev: true

    /deepmerge/4.2.2:
        resolution: { integrity: sha512-FJ3UgI4gIl+PHZm53knsuSFpE+nESMr7M4v9QcgB7S63Kj/6WqMiFQJpBBYz1Pt+66bZpP3Q7Lye0Oo9MPKEdg== }
        engines: { node: '>=0.10.0' }
        dev: false

    /delayed-stream/1.0.0:
        resolution: { integrity: sha512-ZySD7Nf91aLB0RxL4KGrKHBXl7Eds1DAmEdcoVawXnLD7SDhpNgtuII2aAkg7a7QS41jxPSZ17p4VdGnMHk3MQ== }
        engines: { node: '>=0.4.0' }
        dev: false

    /eastasianwidth/0.2.0:
        resolution: { integrity: sha512-I88TYZWc9XiYHRQ4/3c5rjjfgkjhLyW2luGIheGERbNQ6OY7yTybanSpDXZa8y7VUP9YmDcYa+eyq4ca7iLqWA== }
        dev: true

    /emoji-regex/8.0.0:
        resolution: { integrity: sha512-MSjYzcWNOA0ewAHpz0MxpYFvwg6yjy1NG3xteoqz644VCo/RPgnr1/GGt+ic3iJTzQ8Eu3TdM14SawnVUmGE6A== }
        dev: true

    /emoji-regex/9.2.2:
        resolution: { integrity: sha512-L18DaJsXSUk2+42pv8mLs5jJT2hqFkFE4j21wOmgbUqsZ2hL72NsUU785g9RXgo3s0ZNgVl42TiHp3ZtOv/Vyg== }
        dev: true

    /execa/5.1.1:
        resolution: { integrity: sha512-8uSpZZocAZRBAPIEINJj3Lo9HyGitllczc27Eh5YYojjMFMn8yHMDMaUHE2Jqfq05D/wucwI4JGURyXt1vchyg== }
        engines: { node: '>=10' }
        dependencies:
            cross-spawn: 7.0.3
            get-stream: 6.0.1
            human-signals: 2.1.0
            is-stream: 2.0.1
            merge-stream: 2.0.0
            npm-run-path: 4.0.1
            onetime: 5.1.2
            signal-exit: 3.0.7
            strip-final-newline: 2.0.0
        dev: true

    /fill-range/7.0.1:
        resolution: { integrity: sha512-qOo9F+dMUmC2Lcb4BbVvnKJxTPjCm+RRpe4gDuGrzkL7mEVl/djYSu2OdQ2Pa302N4oqkSg9ir6jaLWJ2USVpQ== }
        engines: { node: '>=8' }
        dependencies:
            to-regex-range: 5.0.1
        dev: true

    /follow-redirects/1.15.0:
        resolution: { integrity: sha512-aExlJShTV4qOUOL7yF1U5tvLCB0xQuudbf6toyYA0E/acBNw71mvjFTnLaRp50aQaYocMR0a/RMMBIHeZnGyjQ== }
        engines: { node: '>=4.0' }
        peerDependencies:
            debug: '*'
        peerDependenciesMeta:
            debug:
                optional: true
        dev: false

    /form-data/4.0.0:
        resolution: { integrity: sha512-ETEklSGi5t0QMZuiXoA/Q6vcnxcLQP5vdugSpuAyi6SVGi2clPPp+xgEhuMaHC+zGgn31Kd235W35f7Hykkaww== }
        engines: { node: '>= 6' }
        dependencies:
            asynckit: 0.4.0
            combined-stream: 1.0.8
            mime-types: 2.1.35
        dev: false

    /get-stream/6.0.1:
        resolution: { integrity: sha512-ts6Wi+2j3jQjqi70w5AlN8DFnkSwC+MqmxEzdEALB2qXZYV3X/b1CTfgPLGJNMeAWxdPfU8FO1ms3NUfaHCPYg== }
        engines: { node: '>=10' }
        dev: true

    /human-signals/2.1.0:
        resolution: { integrity: sha512-B4FFZ6q/T2jhhksgkbEW3HBvWIfDW85snkQgawt07S7J5QXTk6BkNV+0yAeZrM5QpMAdYlocGoljn0sJ/WQkFw== }
        engines: { node: '>=10.17.0' }
        dev: true

    /husky/8.0.1:
        resolution: { integrity: sha512-xs7/chUH/CKdOCs7Zy0Aev9e/dKOMZf3K1Az1nar3tzlv0jfqnYtu235bstsWTmXOR0EfINrPa97yy4Lz6RiKw== }
        engines: { node: '>=14' }
        hasBin: true
        dev: true

    /indent-string/4.0.0:
        resolution: { integrity: sha512-EdDDZu4A2OyIK7Lr/2zG+w5jmbuk1DVBnEwREQvBzspBJkCEbRa8GxU1lghYcaGJCnRWibjDXlq779X1/y5xwg== }
        engines: { node: '>=8' }
        dev: true

    /is-fullwidth-code-point/3.0.0:
        resolution: { integrity: sha512-zymm5+u+sCsSWyD9qNaejV3DFvhCKclKdizYaJUuHA83RLjb7nSuGnddCHGv0hk+KY7BMAlsWeK4Ueg6EV6XQg== }
        engines: { node: '>=8' }
        dev: true

    /is-fullwidth-code-point/4.0.0:
        resolution: { integrity: sha512-O4L094N2/dZ7xqVdrXhh9r1KODPJpFms8B5sGdJLPy664AgvXsreZUyCQQNItZRDlYug4xStLjNp/sz3HvBowQ== }
        engines: { node: '>=12' }
        dev: true

    /is-number/7.0.0:
        resolution: { integrity: sha512-41Cifkg6e8TylSpdtTpeLVMqvSBEVzTttHvERD741+pnZ8ANv0004MRL43QKPDlK9cGvNp6NZWZUBlbGXYxxng== }
        engines: { node: '>=0.12.0' }
        dev: true

    /is-stream/2.0.1:
        resolution: { integrity: sha512-hFoiJiTl63nn+kstHGBtewWSKnQLpyb155KHheA1l39uvtO9nWIop1p3udqPcUd/xbF1VLMO4n7OI6p7RbngDg== }
        engines: { node: '>=8' }
        dev: true

    /isexe/2.0.0:
        resolution: { integrity: sha512-RHxMLp9lnKHGHRng9QFhRCMbYAcVpn69smSGcq3f36xjgVVWThj4qqLbTLlq7Ssj8B+fIQ1EuCEGI2lKsyQeIw== }
        dev: true

    /lilconfig/2.0.4:
        resolution: { integrity: sha512-bfTIN7lEsiooCocSISTWXkiWJkRqtL9wYtYy+8EK3Y41qh3mpwPU0ycTOgjdY9ErwXCc8QyrQp82bdL0Xkm9yA== }
        engines: { node: '>=10' }
        dev: true

    /lint-staged/12.4.1:
        resolution: { integrity: sha512-PTXgzpflrQ+pODQTG116QNB+Q6uUTDg5B5HqGvNhoQSGt8Qy+MA/6zSnR8n38+sxP5TapzeQGTvoKni0KRS8Vg== }
        engines: { node: ^12.20.0 || ^14.13.1 || >=16.0.0 }
        hasBin: true
        dependencies:
            cli-truncate: 3.1.0
            colorette: 2.0.16
            commander: 8.3.0
            debug: 4.3.4_supports-color@9.2.2
            execa: 5.1.1
            lilconfig: 2.0.4
            listr2: 4.0.5
            micromatch: 4.0.5
            normalize-path: 3.0.0
            object-inspect: 1.12.0
            pidtree: 0.5.0
            string-argv: 0.3.1
            supports-color: 9.2.2
            yaml: 1.10.2
        transitivePeerDependencies:
            - enquirer
        dev: true

    /listr2/4.0.5:
        resolution: { integrity: sha512-juGHV1doQdpNT3GSTs9IUN43QJb7KHdF9uqg7Vufs/tG9VTzpFphqF4pm/ICdAABGQxsyNn9CiYA3StkI6jpwA== }
        engines: { node: '>=12' }
        peerDependencies:
            enquirer: '>= 2.3.0 < 3'
        peerDependenciesMeta:
            enquirer:
                optional: true
        dependencies:
            cli-truncate: 2.1.0
            colorette: 2.0.16
            log-update: 4.0.0
            p-map: 4.0.0
            rfdc: 1.3.0
            rxjs: 7.5.5
            through: 2.3.8
            wrap-ansi: 7.0.0
        dev: true

    /lodash-es/4.17.21:
        resolution: { integrity: sha512-mKnC+QJ9pWVzv+C4/U3rRsHapFfHvQFoFB92e52xeyGMcX6/OlIl78je1u8vePzYZSkkogMPJ2yjxxsb89cxyw== }
        dev: false

    /log-update/4.0.0:
        resolution: { integrity: sha512-9fkkDevMefjg0mmzWFBW8YkFP91OrizzkW3diF7CpG+S2EYdy4+TVfGwz1zeF8x7hCx1ovSPTOE9Ngib74qqUg== }
        engines: { node: '>=10' }
        dependencies:
            ansi-escapes: 4.3.2
            cli-cursor: 3.1.0
            slice-ansi: 4.0.0
            wrap-ansi: 6.2.0
        dev: true

    /merge-stream/2.0.0:
        resolution: { integrity: sha512-abv/qOcuPfk3URPfDzmZU1LKmuw8kT+0nIHvKrKgFrwifol/doWcdA4ZqsWQ8ENrFKkd67Mfpo/LovbIUsbt3w== }
        dev: true

    /micromatch/4.0.5:
        resolution: { integrity: sha512-DMy+ERcEW2q8Z2Po+WNXuw3c5YaUSFjAO5GsJqfEl7UjvtIuFKO6ZrKvcItdy98dwFI2N1tg3zNIdKaQT+aNdA== }
        engines: { node: '>=8.6' }
        dependencies:
            braces: 3.0.2
            picomatch: 2.3.1
        dev: true

    /mime-db/1.52.0:
        resolution: { integrity: sha512-sPU4uV7dYlvtWJxwwxHD0PuihVNiE7TyAbQ5SWxDCB9mUYvOgroQOwYQQOKPJ8CIbE+1ETVlOoK1UC2nU3gYvg== }
        engines: { node: '>= 0.6' }
        dev: false

    /mime-types/2.1.35:
        resolution: { integrity: sha512-ZDY+bPm5zTTF+YpCrAU9nK0UgICYPT0QtT1NZWFv4s++TNkcgVaT0g6+4R2uI4MjQjzysHB1zxuWL50hzaeXiw== }
        engines: { node: '>= 0.6' }
        dependencies:
            mime-db: 1.52.0
        dev: false

    /mimic-fn/2.1.0:
        resolution: { integrity: sha512-OqbOk5oEQeAZ8WXWydlu9HJjz9WVdEIvamMCcXmuqUYjTknH/sqsWvhQ3vgwKFRR1HpjvNBKQ37nbJgYzGqGcg== }
        engines: { node: '>=6' }
        dev: true

    /ms/2.1.2:
        resolution: { integrity: sha512-sGkPx+VjMtmA6MX27oA4FBFELFCZZ4S4XqeGOXCv68tT+jb3vk/RyaKWP0PTKyWtmLSM0b+adUTEvbs1PEaH2w== }
        dev: true

    /normalize-path/3.0.0:
        resolution: { integrity: sha512-6eZs5Ls3WtCisHWp9S2GUy8dqkpGi4BVSz3GaqiE6ezub0512ESztXUwUB6C6IKbQkY2Pnb/mD4WYojCRwcwLA== }
        engines: { node: '>=0.10.0' }
        dev: true

    /npm-run-path/4.0.1:
        resolution: { integrity: sha512-S48WzZW777zhNIrn7gxOlISNAqi9ZC/uQFnRdbeIHhZhCA6UqpkOT8T1G7BvfdgP4Er8gF4sUbaS0i7QvIfCWw== }
        engines: { node: '>=8' }
        dependencies:
            path-key: 3.1.1
        dev: true

    /object-inspect/1.12.0:
        resolution: { integrity: sha512-Ho2z80bVIvJloH+YzRmpZVQe87+qASmBUKZDWgx9cu+KDrX2ZDH/3tMy+gXbZETVGs2M8YdxObOh7XAtim9Y0g== }
        dev: true

    /onetime/5.1.2:
        resolution: { integrity: sha512-kbpaSSGJTWdAY5KPVeMOKXSrPtr8C8C7wodJbcsd51jRnmD+GZu8Y0VoU6Dm5Z4vWr0Ig/1NKuWRKf7j5aaYSg== }
        engines: { node: '>=6' }
        dependencies:
            mimic-fn: 2.1.0
        dev: true

    /p-map/4.0.0:
        resolution: { integrity: sha512-/bjOqmgETBYB5BoEeGVea8dmvHb2m9GLy1E9W43yeyfP6QQCZGFNa+XRceJEuDB6zqr+gKpIAmlLebMpykw/MQ== }
        engines: { node: '>=10' }
        dependencies:
            aggregate-error: 3.1.0
        dev: true

    /path-key/3.1.1:
        resolution: { integrity: sha512-ojmeN0qd+y0jszEtoY48r0Peq5dwMEkIlCOu6Q5f41lfkswXuKtYrhgoTpLnyIcHm24Uhqx+5Tqm2InSwLhE6Q== }
        engines: { node: '>=8' }
        dev: true

    /picomatch/2.3.1:
        resolution: { integrity: sha512-JU3teHTNjmE2VCGFzuY8EXzCDVwEqB2a8fsIvwaStHhAWJEeVd1o1QD80CU6+ZdEXXSLbSsuLwJjkCBWqRQUVA== }
        engines: { node: '>=8.6' }
        dev: true

    /pidtree/0.5.0:
        resolution: { integrity: sha512-9nxspIM7OpZuhBxPg73Zvyq7j1QMPMPsGKTqRc2XOaFQauDvoNz9fM1Wdkjmeo7l9GXOZiRs97sPkuayl39wjA== }
        engines: { node: '>=0.10' }
        hasBin: true
        dev: true

    /prettier/2.6.2:
        resolution: { integrity: sha512-PkUpF+qoXTqhOeWL9fu7As8LXsIUZ1WYaJiY/a7McAQzxjk82OF0tibkFXVCDImZtWxbvojFjerkiLb0/q8mew== }
        engines: { node: '>=10.13.0' }
        hasBin: true
        dev: true

    /regenerator-runtime/0.13.9:
        resolution: { integrity: sha512-p3VT+cOEgxFsRRA9X4lkI1E+k2/CtnKtU4gcxyaCUreilL/vqI6CdZ3wxVUx3UOUg+gnUOQQcRI7BmSI656MYA== }
        dev: false

    /restore-cursor/3.1.0:
        resolution: { integrity: sha512-l+sSefzHpj5qimhFSE5a8nufZYAM3sBSVMAPtYkmC+4EH2anSGaEMXSD0izRQbu9nfyQ9y5JrVmp7E8oZrUjvA== }
        engines: { node: '>=8' }
        dependencies:
            onetime: 5.1.2
            signal-exit: 3.0.7
        dev: true

    /rfdc/1.3.0:
        resolution: { integrity: sha512-V2hovdzFbOi77/WajaSMXk2OLm+xNIeQdMMuB7icj7bk6zi2F8GGAxigcnDFpJHbNyNcgyJDiP+8nOrY5cZGrA== }
        dev: true

    /rxjs/7.5.5:
        resolution: { integrity: sha512-sy+H0pQofO95VDmFLzyaw9xNJU4KTRSwQIGM6+iG3SypAtCiLDzpeG8sJrNCWn2Up9km+KhkvTdbkrdy+yzZdw== }
        dependencies:
            tslib: 2.4.0
        dev: true

    /shebang-command/2.0.0:
        resolution: { integrity: sha512-kHxr2zZpYtdmrN1qDjrrX/Z1rR1kG8Dx+gkpK1G4eXmvXswmcE1hTWBWYUzlraYw1/yZp6YuDY77YtvbN0dmDA== }
        engines: { node: '>=8' }
        dependencies:
            shebang-regex: 3.0.0
        dev: true

    /shebang-regex/3.0.0:
        resolution: { integrity: sha512-7++dFhtcx3353uBaq8DDR4NuxBetBzC7ZQOhmTQInHEd6bSrXdiEyzCvG07Z44UYdLShWUyXt5M/yhz8ekcb1A== }
        engines: { node: '>=8' }
        dev: true

    /signal-exit/3.0.7:
        resolution: { integrity: sha512-wnD2ZE+l+SPC/uoS0vXeE9L1+0wuaMqKlfz9AMUo38JsyLSBWSFcHR1Rri62LZc12vLr1gb3jl7iwQhgwpAbGQ== }
        dev: true

    /slice-ansi/3.0.0:
        resolution: { integrity: sha512-pSyv7bSTC7ig9Dcgbw9AuRNUb5k5V6oDudjZoMBSr13qpLBG7tB+zgCkARjq7xIUgdz5P1Qe8u+rSGdouOOIyQ== }
        engines: { node: '>=8' }
        dependencies:
            ansi-styles: 4.3.0
            astral-regex: 2.0.0
            is-fullwidth-code-point: 3.0.0
        dev: true

    /slice-ansi/4.0.0:
        resolution: { integrity: sha512-qMCMfhY040cVHT43K9BFygqYbUPFZKHOg7K73mtTWJRb8pyP3fzf4Ixd5SzdEJQ6MRUg/WBnOLxghZtKKurENQ== }
        engines: { node: '>=10' }
        dependencies:
            ansi-styles: 4.3.0
            astral-regex: 2.0.0
            is-fullwidth-code-point: 3.0.0
        dev: true

    /slice-ansi/5.0.0:
        resolution: { integrity: sha512-FC+lgizVPfie0kkhqUScwRu1O/lF6NOgJmlCgK+/LYxDCTk8sGelYaHDhFcDN+Sn3Cv+3VSa4Byeo+IMCzpMgQ== }
        engines: { node: '>=12' }
        dependencies:
            ansi-styles: 6.1.0
            is-fullwidth-code-point: 4.0.0
        dev: true

    /store2/2.13.2:
        resolution: { integrity: sha512-CMtO2Uneg3SAz/d6fZ/6qbqqQHi2ynq6/KzMD/26gTkiEShCcpqFfTHgOxsE0egAq6SX3FmN4CeSqn8BzXQkJg== }
        dev: false

    /string-argv/0.3.1:
        resolution: { integrity: sha512-a1uQGz7IyVy9YwhqjZIZu1c8JO8dNIe20xBmSS6qu9kv++k3JGzCVmprbNN5Kn+BgzD5E7YYwg1CcjuJMRNsvg== }
        engines: { node: '>=0.6.19' }
        dev: true

    /string-width/4.2.3:
        resolution: { integrity: sha512-wKyQRQpjJ0sIp62ErSZdGsjMJWsap5oRNihHhu6G7JVO/9jIB6UyevL+tXuOqrng8j/cxKTWyWUwvSTriiZz/g== }
        engines: { node: '>=8' }
        dependencies:
            emoji-regex: 8.0.0
            is-fullwidth-code-point: 3.0.0
            strip-ansi: 6.0.1
        dev: true

    /string-width/5.1.2:
        resolution: { integrity: sha512-HnLOCR3vjcY8beoNLtcjZ5/nxn2afmME6lhrDrebokqMap+XbeW8n9TXpPDOqdGK5qcI3oT0GKTW6wC7EMiVqA== }
        engines: { node: '>=12' }
        dependencies:
            eastasianwidth: 0.2.0
            emoji-regex: 9.2.2
            strip-ansi: 7.0.1
        dev: true

    /strip-ansi/6.0.1:
        resolution: { integrity: sha512-Y38VPSHcqkFrCpFnQ9vuSXmquuv5oXOKpGeT6aGrr3o3Gc9AlVa6JBfUSOCnbxGGZF+/0ooI7KrPuUSztUdU5A== }
        engines: { node: '>=8' }
        dependencies:
            ansi-regex: 5.0.1
        dev: true

    /strip-ansi/7.0.1:
        resolution: { integrity: sha512-cXNxvT8dFNRVfhVME3JAe98mkXDYN2O1l7jmcwMnOslDeESg1rF/OZMtK0nRAhiari1unG5cD4jG3rapUAkLbw== }
        engines: { node: '>=12' }
        dependencies:
            ansi-regex: 6.0.1
        dev: true

    /strip-final-newline/2.0.0:
        resolution: { integrity: sha512-BrpvfNAE3dcvq7ll3xVumzjKjZQ5tI1sEUIKr3Uoks0XUl45St3FlatVqef9prk4jRDzhW6WZg+3bk93y6pLjA== }
        engines: { node: '>=6' }
        dev: true

    /supports-color/9.2.2:
        resolution: { integrity: sha512-XC6g/Kgux+rJXmwokjm9ECpD6k/smUoS5LKlUCcsYr4IY3rW0XyAympon2RmxGrlnZURMpg5T18gWDP9CsHXFA== }
        engines: { node: '>=12' }
        dev: true

    /through/2.3.8:
        resolution: { integrity: sha512-w89qg7PI8wAdvX60bMDP+bFoD5Dvhm9oLheFp5O4a2QF0cSBGsBX4qZmadPMvVqlLJBBci+WqGGOAPvcDeNSVg== }
        dev: true

    /to-regex-range/5.0.1:
        resolution: { integrity: sha512-65P7iz6X5yEr1cwcgvQxbbIw7Uk3gOy5dIdtZ4rDveLqhrdJP+Li/Hx6tyK0NEb+2GCyneCMJiGqrADCSNk8sQ== }
        engines: { node: '>=8.0' }
        dependencies:
            is-number: 7.0.0
        dev: true

    /tslib/2.4.0:
        resolution: { integrity: sha512-d6xOpEDfsi2CZVlPQzGeux8XMwLT9hssAsaPYExaQMuYskwb+x1x7J371tWlbBdWHroy99KnVB6qIkUbs5X3UQ== }
        dev: true

    /type-fest/0.21.3:
        resolution: { integrity: sha512-t0rzBq87m3fVcduHDUFhKmyyX+9eo6WQjZvf51Ea/M0Q7+T374Jp1aUiyUl0GKxp8M/OETVHSDvmkyPgvX+X2w== }
        engines: { node: '>=10' }
        dev: true

    /vue-i18n/8.27.0_vue@2.6.14:
        resolution: { integrity: sha512-SX35iJHL5PJ4Gfh0Mo/q0shyHiI2V6Zkh51c+k8E9O1RKv5BQyYrCxRzpvPrsIOJEnLaeiovet3dsUB0e/kDzw== }
        peerDependencies:
            vue: ^2
        dependencies:
            vue: 2.6.14
        dev: false

    /vue-meta/2.4.0:
        resolution: { integrity: sha512-XEeZUmlVeODclAjCNpWDnjgw+t3WA6gdzs6ENoIAgwO1J1d5p1tezDhtteLUFwcaQaTtayRrsx7GL6oXp/m2Jw== }
        dependencies:
            deepmerge: 4.2.2
        dev: false

    /vue-router/3.5.3_vue@2.6.14:
        resolution: { integrity: sha512-FUlILrW3DGitS2h+Xaw8aRNvGTwtuaxrRkNSHWTizOfLUie7wuYwezeZ50iflRn8YPV5kxmU2LQuu3nM/b3Zsg== }
        peerDependencies:
            vue: ^2
        dependencies:
            vue: 2.6.14
        dev: false

    /vue/2.6.14:
        resolution: { integrity: sha512-x2284lgYvjOMj3Za7kqzRcUSxBboHqtgRE2zlos1qWaOye5yUmHn42LB1250NJBLRwEcdrB0JRwyPTEPhfQjiQ== }
        dev: false

    /vuex/3.6.2_vue@2.6.14:
        resolution: { integrity: sha512-ETW44IqCgBpVomy520DT5jf8n0zoCac+sxWnn+hMe/CzaSejb/eVw2YToiXYX+Ex/AuHHia28vWTq4goAexFbw== }
        peerDependencies:
            vue: ^2.0.0
        dependencies:
            vue: 2.6.14
        dev: false

    /which/2.0.2:
        resolution: { integrity: sha512-BLI3Tl1TW3Pvl70l3yq3Y64i+awpwXqsGBYWkkqMtnbXgrMD+yj7rhW0kuEDxzJaYXGjEW5ogapKNMEKNMjibA== }
        engines: { node: '>= 8' }
        hasBin: true
        dependencies:
            isexe: 2.0.0
        dev: true

    /wrap-ansi/6.2.0:
        resolution: { integrity: sha512-r6lPcBGxZXlIcymEu7InxDMhdW0KDxpLgoFLcguasxCaJ/SOIZwINatK9KY/tf+ZrlywOKU0UDj3ATXUBfxJXA== }
        engines: { node: '>=8' }
        dependencies:
            ansi-styles: 4.3.0
            string-width: 4.2.3
            strip-ansi: 6.0.1
        dev: true

    /wrap-ansi/7.0.0:
        resolution: { integrity: sha512-YVGIj2kamLSTxw6NsZjoBxfSwsn0ycdesmc4p+Q21c5zPuZ1pl+NfxVdxPtdHvmNVOQ6XSYG4AUtyt/Fi7D16Q== }
        engines: { node: '>=10' }
        dependencies:
            ansi-styles: 4.3.0
            string-width: 4.2.3
            strip-ansi: 6.0.1
        dev: true

    /yaml/1.10.2:
        resolution: { integrity: sha512-r3vXyErRCYJ7wg28yvBY5VSoAF8ZvlcW9/BwUzEtUsjvX/DKs24dIkuwjtuprwJJHsbyUbLApepYTR1BN4uHrg== }
        engines: { node: '>= 6' }
        dev: true

    /yidash/1.0.12:
        resolution: { integrity: sha512-PiLNpTN4HkdTwQA9ixdk6aS/JVfHVauduLBmMMebuBaUiYSs21tcr49BM07BOeVRZjDSIpq+OBVx+JibDrqTvg== }
        engines: { node: ^12.20.0 || ^14.13.1 || >=16.0.0 }
        dependencies:
            '@babel/runtime': 7.17.9
            '@babel/runtime-corejs3': 7.17.9
            core-js: 3.22.5
            lodash-es: 4.17.21
            regenerator-runtime: 0.13.9
        dev: false
